// !$*UTF8*$!
{
	archiveVersion = 1;
	classes = {
	};
	objectVersion = 56;
	objects = {

/* Begin PBXBuildFile section */
		C7433D9829E17AF400B16B52 /* AppDelegate.swift in Sources */ = {isa = PBXBuildFile; fileRef = C7433D9729E17AF400B16B52 /* AppDelegate.swift */; };
		C7433D9A29E17AF400B16B52 /* SceneDelegate.swift in Sources */ = {isa = PBXBuildFile; fileRef = C7433D9929E17AF400B16B52 /* SceneDelegate.swift */; };
		C7433D9C29E17AF400B16B52 /* ViewController.swift in Sources */ = {isa = PBXBuildFile; fileRef = C7433D9B29E17AF400B16B52 /* ViewController.swift */; };
		C7433D9F29E17AF400B16B52 /* Main.storyboard in Resources */ = {isa = PBXBuildFile; fileRef = C7433D9D29E17AF400B16B52 /* Main.storyboard */; };
		C7433DA129E17AF600B16B52 /* Assets.xcassets in Resources */ = {isa = PBXBuildFile; fileRef = C7433DA029E17AF600B16B52 /* Assets.xcassets */; };
		C7433DA429E17AF600B16B52 /* LaunchScreen.storyboard in Resources */ = {isa = PBXBuildFile; fileRef = C7433DA229E17AF600B16B52 /* LaunchScreen.storyboard */; };
		C7433DAF29E17B3900B16B52 /* ChooseNameViewController.swift in Sources */ = {isa = PBXBuildFile; fileRef = C7433DAE29E17B3900B16B52 /* ChooseNameViewController.swift */; };
		C7433DB129E17B4F00B16B52 /* PickCharacterViewController.swift in Sources */ = {isa = PBXBuildFile; fileRef = C7433DB029E17B4F00B16B52 /* PickCharacterViewController.swift */; };
		C7433DB729E17E5600B16B52 /* ShroomModel.xcdatamodeld in Sources */ = {isa = PBXBuildFile; fileRef = C7433DB529E17E5600B16B52 /* ShroomModel.xcdatamodeld */; };
		C7433DBC29E17F2F00B16B52 /* Player+CoreDataClass.swift in Sources */ = {isa = PBXBuildFile; fileRef = C7433DB829E17F2F00B16B52 /* Player+CoreDataClass.swift */; };
		C7433DBD29E17F2F00B16B52 /* Player+CoreDataProperties.swift in Sources */ = {isa = PBXBuildFile; fileRef = C7433DB929E17F2F00B16B52 /* Player+CoreDataProperties.swift */; };
		C7433DBE29E17F2F00B16B52 /* Character+CoreDataClass.swift in Sources */ = {isa = PBXBuildFile; fileRef = C7433DBA29E17F2F00B16B52 /* Character+CoreDataClass.swift */; };
		C7433DBF29E17F2F00B16B52 /* Character+CoreDataProperties.swift in Sources */ = {isa = PBXBuildFile; fileRef = C7433DBB29E17F2F00B16B52 /* Character+CoreDataProperties.swift */; };
		C7433DC129E17FBD00B16B52 /* DatabaseProtocol.swift in Sources */ = {isa = PBXBuildFile; fileRef = C7433DC029E17FBD00B16B52 /* DatabaseProtocol.swift */; };
		C7433DC329E1815200B16B52 /* MulticastDelegate.swift in Sources */ = {isa = PBXBuildFile; fileRef = C7433DC229E1815200B16B52 /* MulticastDelegate.swift */; };
		C7433DC529E1818800B16B52 /* CoreDataController.swift in Sources */ = {isa = PBXBuildFile; fileRef = C7433DC429E1818800B16B52 /* CoreDataController.swift */; };
/* End PBXBuildFile section */

/* Begin PBXFileReference section */
		C7433D9429E17AF400B16B52 /* Shroom.app */ = {isa = PBXFileReference; explicitFileType = wrapper.application; includeInIndex = 0; path = Shroom.app; sourceTree = BUILT_PRODUCTS_DIR; };
		C7433D9729E17AF400B16B52 /* AppDelegate.swift */ = {isa = PBXFileReference; lastKnownFileType = sourcecode.swift; path = AppDelegate.swift; sourceTree = "<group>"; };
		C7433D9929E17AF400B16B52 /* SceneDelegate.swift */ = {isa = PBXFileReference; lastKnownFileType = sourcecode.swift; path = SceneDelegate.swift; sourceTree = "<group>"; };
		C7433D9B29E17AF400B16B52 /* ViewController.swift */ = {isa = PBXFileReference; lastKnownFileType = sourcecode.swift; path = ViewController.swift; sourceTree = "<group>"; };
		C7433D9E29E17AF400B16B52 /* Base */ = {isa = PBXFileReference; lastKnownFileType = file.storyboard; name = Base; path = Base.lproj/Main.storyboard; sourceTree = "<group>"; };
		C7433DA029E17AF600B16B52 /* Assets.xcassets */ = {isa = PBXFileReference; lastKnownFileType = folder.assetcatalog; path = Assets.xcassets; sourceTree = "<group>"; };
		C7433DA329E17AF600B16B52 /* Base */ = {isa = PBXFileReference; lastKnownFileType = file.storyboard; name = Base; path = Base.lproj/LaunchScreen.storyboard; sourceTree = "<group>"; };
		C7433DA529E17AF600B16B52 /* Info.plist */ = {isa = PBXFileReference; lastKnownFileType = text.plist.xml; path = Info.plist; sourceTree = "<group>"; };
		C7433DAE29E17B3900B16B52 /* ChooseNameViewController.swift */ = {isa = PBXFileReference; lastKnownFileType = sourcecode.swift; path = ChooseNameViewController.swift; sourceTree = "<group>"; };
		C7433DB029E17B4F00B16B52 /* PickCharacterViewController.swift */ = {isa = PBXFileReference; lastKnownFileType = sourcecode.swift; path = PickCharacterViewController.swift; sourceTree = "<group>"; };
		C7433DB629E17E5600B16B52 /* ShroomModel.xcdatamodel */ = {isa = PBXFileReference; lastKnownFileType = wrapper.xcdatamodel; path = ShroomModel.xcdatamodel; sourceTree = "<group>"; };
		C7433DB829E17F2F00B16B52 /* Player+CoreDataClass.swift */ = {isa = PBXFileReference; lastKnownFileType = sourcecode.swift; path = "Player+CoreDataClass.swift"; sourceTree = "<group>"; };
		C7433DB929E17F2F00B16B52 /* Player+CoreDataProperties.swift */ = {isa = PBXFileReference; lastKnownFileType = sourcecode.swift; path = "Player+CoreDataProperties.swift"; sourceTree = "<group>"; };
		C7433DBA29E17F2F00B16B52 /* Character+CoreDataClass.swift */ = {isa = PBXFileReference; lastKnownFileType = sourcecode.swift; path = "Character+CoreDataClass.swift"; sourceTree = "<group>"; };
		C7433DBB29E17F2F00B16B52 /* Character+CoreDataProperties.swift */ = {isa = PBXFileReference; lastKnownFileType = sourcecode.swift; path = "Character+CoreDataProperties.swift"; sourceTree = "<group>"; };
		C7433DC029E17FBD00B16B52 /* DatabaseProtocol.swift */ = {isa = PBXFileReference; lastKnownFileType = sourcecode.swift; path = DatabaseProtocol.swift; sourceTree = "<group>"; };
		C7433DC229E1815200B16B52 /* MulticastDelegate.swift */ = {isa = PBXFileReference; lastKnownFileType = sourcecode.swift; path = MulticastDelegate.swift; sourceTree = "<group>"; };
		C7433DC429E1818800B16B52 /* CoreDataController.swift */ = {isa = PBXFileReference; lastKnownFileType = sourcecode.swift; path = CoreDataController.swift; sourceTree = "<group>"; };
/* End PBXFileReference section */

/* Begin PBXFrameworksBuildPhase section */
		C7433D9129E17AF400B16B52 /* Frameworks */ = {
			isa = PBXFrameworksBuildPhase;
			buildActionMask = 2147483647;
			files = (
			);
			runOnlyForDeploymentPostprocessing = 0;
		};
/* End PBXFrameworksBuildPhase section */

/* Begin PBXGroup section */
		C7433D8B29E17AF400B16B52 = {
			isa = PBXGroup;
			children = (
				C7433D9629E17AF400B16B52 /* Shroom */,
				C7433D9529E17AF400B16B52 /* Products */,
			);
			sourceTree = "<group>";
		};
		C7433D9529E17AF400B16B52 /* Products */ = {
			isa = PBXGroup;
			children = (
				C7433D9429E17AF400B16B52 /* Shroom.app */,
			);
			name = Products;
			sourceTree = "<group>";
		};
		C7433D9629E17AF400B16B52 /* Shroom */ = {
			isa = PBXGroup;
			children = (
				C7433DB429E17DDD00B16B52 /* Database */,
				C7433DB329E17DD500B16B52 /* DataModel */,
				C7433DB229E17DCB00B16B52 /* Font */,
				C7433DB029E17B4F00B16B52 /* PickCharacterViewController.swift */,
				C7433DAE29E17B3900B16B52 /* ChooseNameViewController.swift */,
				C7433D9729E17AF400B16B52 /* AppDelegate.swift */,
				C7433D9929E17AF400B16B52 /* SceneDelegate.swift */,
				C7433D9B29E17AF400B16B52 /* ViewController.swift */,
				C7433D9D29E17AF400B16B52 /* Main.storyboard */,
				C7433DA029E17AF600B16B52 /* Assets.xcassets */,
				C7433DA229E17AF600B16B52 /* LaunchScreen.storyboard */,
				C7433DA529E17AF600B16B52 /* Info.plist */,
			);
			path = Shroom;
			sourceTree = "<group>";
		};
		C7433DB229E17DCB00B16B52 /* Font */ = {
			isa = PBXGroup;
			children = (
			);
			path = Font;
			sourceTree = "<group>";
		};
		C7433DB329E17DD500B16B52 /* DataModel */ = {
			isa = PBXGroup;
			children = (
				C7433DB829E17F2F00B16B52 /* Player+CoreDataClass.swift */,
				C7433DB929E17F2F00B16B52 /* Player+CoreDataProperties.swift */,
				C7433DBA29E17F2F00B16B52 /* Character+CoreDataClass.swift */,
				C7433DBB29E17F2F00B16B52 /* Character+CoreDataProperties.swift */,
				C7433DB529E17E5600B16B52 /* ShroomModel.xcdatamodeld */,
			);
			path = DataModel;
			sourceTree = "<group>";
		};
		C7433DB429E17DDD00B16B52 /* Database */ = {
			isa = PBXGroup;
			children = (
				C7433DC029E17FBD00B16B52 /* DatabaseProtocol.swift */,
				C7433DC229E1815200B16B52 /* MulticastDelegate.swift */,
				C7433DC429E1818800B16B52 /* CoreDataController.swift */,
			);
			path = Database;
			sourceTree = "<group>";
		};
/* End PBXGroup section */

/* Begin PBXNativeTarget section */
		C7433D9329E17AF400B16B52 /* Shroom */ = {
			isa = PBXNativeTarget;
			buildConfigurationList = C7433DA829E17AF600B16B52 /* Build configuration list for PBXNativeTarget "Shroom" */;
			buildPhases = (
				C7433D9029E17AF400B16B52 /* Sources */,
				C7433D9129E17AF400B16B52 /* Frameworks */,
				C7433D9229E17AF400B16B52 /* Resources */,
			);
			buildRules = (
			);
			dependencies = (
			);
			name = Shroom;
			productName = Shroom;
			productReference = C7433D9429E17AF400B16B52 /* Shroom.app */;
			productType = "com.apple.product-type.application";
		};
/* End PBXNativeTarget section */

/* Begin PBXProject section */
		C7433D8C29E17AF400B16B52 /* Project object */ = {
			isa = PBXProject;
			attributes = {
				BuildIndependentTargetsInParallel = 1;
				LastSwiftUpdateCheck = 1420;
				LastUpgradeCheck = 1420;
				TargetAttributes = {
					C7433D9329E17AF400B16B52 = {
						CreatedOnToolsVersion = 14.2;
					};
				};
			};
			buildConfigurationList = C7433D8F29E17AF400B16B52 /* Build configuration list for PBXProject "Shroom" */;
			compatibilityVersion = "Xcode 14.0";
			developmentRegion = en;
			hasScannedForEncodings = 0;
			knownRegions = (
				en,
				Base,
			);
			mainGroup = C7433D8B29E17AF400B16B52;
			productRefGroup = C7433D9529E17AF400B16B52 /* Products */;
			projectDirPath = "";
			projectRoot = "";
			targets = (
				C7433D9329E17AF400B16B52 /* Shroom */,
			);
		};
/* End PBXProject section */

/* Begin PBXResourcesBuildPhase section */
		C7433D9229E17AF400B16B52 /* Resources */ = {
			isa = PBXResourcesBuildPhase;
			buildActionMask = 2147483647;
			files = (
				C7433DA429E17AF600B16B52 /* LaunchScreen.storyboard in Resources */,
				C7433DA129E17AF600B16B52 /* Assets.xcassets in Resources */,
				C7433D9F29E17AF400B16B52 /* Main.storyboard in Resources */,
			);
			runOnlyForDeploymentPostprocessing = 0;
		};
/* End PBXResourcesBuildPhase section */

/* Begin PBXSourcesBuildPhase section */
		C7433D9029E17AF400B16B52 /* Sources */ = {
			isa = PBXSourcesBuildPhase;
			buildActionMask = 2147483647;
			files = (
				C7433D9C29E17AF400B16B52 /* ViewController.swift in Sources */,
				C7433DB129E17B4F00B16B52 /* PickCharacterViewController.swift in Sources */,
				C7433DBD29E17F2F00B16B52 /* Player+CoreDataProperties.swift in Sources */,
				C7433D9829E17AF400B16B52 /* AppDelegate.swift in Sources */,
				C7433DBE29E17F2F00B16B52 /* Character+CoreDataClass.swift in Sources */,
				C7433DC129E17FBD00B16B52 /* DatabaseProtocol.swift in Sources */,
				C7433DB729E17E5600B16B52 /* ShroomModel.xcdatamodeld in Sources */,
				C7433DAF29E17B3900B16B52 /* ChooseNameViewController.swift in Sources */,
				C7433DC529E1818800B16B52 /* CoreDataController.swift in Sources */,
				C7433DBC29E17F2F00B16B52 /* Player+CoreDataClass.swift in Sources */,
				C7433D9A29E17AF400B16B52 /* SceneDelegate.swift in Sources */,
				C7433DBF29E17F2F00B16B52 /* Character+CoreDataProperties.swift in Sources */,
				C7433DC329E1815200B16B52 /* MulticastDelegate.swift in Sources */,
			);
			runOnlyForDeploymentPostprocessing = 0;
		};
/* End PBXSourcesBuildPhase section */

/* Begin PBXVariantGroup section */
		C7433D9D29E17AF400B16B52 /* Main.storyboard */ = {
			isa = PBXVariantGroup;
			children = (
				C7433D9E29E17AF400B16B52 /* Base */,
			);
			name = Main.storyboard;
			sourceTree = "<group>";
		};
		C7433DA229E17AF600B16B52 /* LaunchScreen.storyboard */ = {
			isa = PBXVariantGroup;
			children = (
				C7433DA329E17AF600B16B52 /* Base */,
			);
			name = LaunchScreen.storyboard;
			sourceTree = "<group>";
		};
/* End PBXVariantGroup section */

/* Begin XCBuildConfiguration section */
		C7433DA629E17AF600B16B52 /* Debug */ = {
			isa = XCBuildConfiguration;
			buildSettings = {
				ALWAYS_SEARCH_USER_PATHS = NO;
				CLANG_ANALYZER_NONNULL = YES;
				CLANG_ANALYZER_NUMBER_OBJECT_CONVERSION = YES_AGGRESSIVE;
				CLANG_CXX_LANGUAGE_STANDARD = "gnu++20";
				CLANG_ENABLE_MODULES = YES;
				CLANG_ENABLE_OBJC_ARC = YES;
				CLANG_ENABLE_OBJC_WEAK = YES;
				CLANG_WARN_BLOCK_CAPTURE_AUTORELEASING = YES;
				CLANG_WARN_BOOL_CONVERSION = YES;
				CLANG_WARN_COMMA = YES;
				CLANG_WARN_CONSTANT_CONVERSION = YES;
				CLANG_WARN_DEPRECATED_OBJC_IMPLEMENTATIONS = YES;
				CLANG_WARN_DIRECT_OBJC_ISA_USAGE = YES_ERROR;
				CLANG_WARN_DOCUMENTATION_COMMENTS = YES;
				CLANG_WARN_EMPTY_BODY = YES;
				CLANG_WARN_ENUM_CONVERSION = YES;
				CLANG_WARN_INFINITE_RECURSION = YES;
				CLANG_WARN_INT_CONVERSION = YES;
				CLANG_WARN_NON_LITERAL_NULL_CONVERSION = YES;
				CLANG_WARN_OBJC_IMPLICIT_RETAIN_SELF = YES;
				CLANG_WARN_OBJC_LITERAL_CONVERSION = YES;
				CLANG_WARN_OBJC_ROOT_CLASS = YES_ERROR;
				CLANG_WARN_QUOTED_INCLUDE_IN_FRAMEWORK_HEADER = YES;
				CLANG_WARN_RANGE_LOOP_ANALYSIS = YES;
				CLANG_WARN_STRICT_PROTOTYPES = YES;
				CLANG_WARN_SUSPICIOUS_MOVE = YES;
				CLANG_WARN_UNGUARDED_AVAILABILITY = YES_AGGRESSIVE;
				CLANG_WARN_UNREACHABLE_CODE = YES;
				CLANG_WARN__DUPLICATE_METHOD_MATCH = YES;
				COPY_PHASE_STRIP = NO;
				DEBUG_INFORMATION_FORMAT = dwarf;
				ENABLE_STRICT_OBJC_MSGSEND = YES;
				ENABLE_TESTABILITY = YES;
				GCC_C_LANGUAGE_STANDARD = gnu11;
				GCC_DYNAMIC_NO_PIC = NO;
				GCC_NO_COMMON_BLOCKS = YES;
				GCC_OPTIMIZATION_LEVEL = 0;
				GCC_PREPROCESSOR_DEFINITIONS = (
					"DEBUG=1",
					"$(inherited)",
				);
				GCC_WARN_64_TO_32_BIT_CONVERSION = YES;
				GCC_WARN_ABOUT_RETURN_TYPE = YES_ERROR;
				GCC_WARN_UNDECLARED_SELECTOR = YES;
				GCC_WARN_UNINITIALIZED_AUTOS = YES_AGGRESSIVE;
				GCC_WARN_UNUSED_FUNCTION = YES;
				GCC_WARN_UNUSED_VARIABLE = YES;
				IPHONEOS_DEPLOYMENT_TARGET = 16.2;
				MTL_ENABLE_DEBUG_INFO = INCLUDE_SOURCE;
				MTL_FAST_MATH = YES;
				ONLY_ACTIVE_ARCH = YES;
				SDKROOT = iphoneos;
				SWIFT_ACTIVE_COMPILATION_CONDITIONS = DEBUG;
				SWIFT_OPTIMIZATION_LEVEL = "-Onone";
			};
			name = Debug;
		};
		C7433DA729E17AF600B16B52 /* Release */ = {
			isa = XCBuildConfiguration;
			buildSettings = {
				ALWAYS_SEARCH_USER_PATHS = NO;
				CLANG_ANALYZER_NONNULL = YES;
				CLANG_ANALYZER_NUMBER_OBJECT_CONVERSION = YES_AGGRESSIVE;
				CLANG_CXX_LANGUAGE_STANDARD = "gnu++20";
				CLANG_ENABLE_MODULES = YES;
				CLANG_ENABLE_OBJC_ARC = YES;
				CLANG_ENABLE_OBJC_WEAK = YES;
				CLANG_WARN_BLOCK_CAPTURE_AUTORELEASING = YES;
				CLANG_WARN_BOOL_CONVERSION = YES;
				CLANG_WARN_COMMA = YES;
				CLANG_WARN_CONSTANT_CONVERSION = YES;
				CLANG_WARN_DEPRECATED_OBJC_IMPLEMENTATIONS = YES;
				CLANG_WARN_DIRECT_OBJC_ISA_USAGE = YES_ERROR;
				CLANG_WARN_DOCUMENTATION_COMMENTS = YES;
				CLANG_WARN_EMPTY_BODY = YES;
				CLANG_WARN_ENUM_CONVERSION = YES;
				CLANG_WARN_INFINITE_RECURSION = YES;
				CLANG_WARN_INT_CONVERSION = YES;
				CLANG_WARN_NON_LITERAL_NULL_CONVERSION = YES;
				CLANG_WARN_OBJC_IMPLICIT_RETAIN_SELF = YES;
				CLANG_WARN_OBJC_LITERAL_CONVERSION = YES;
				CLANG_WARN_OBJC_ROOT_CLASS = YES_ERROR;
				CLANG_WARN_QUOTED_INCLUDE_IN_FRAMEWORK_HEADER = YES;
				CLANG_WARN_RANGE_LOOP_ANALYSIS = YES;
				CLANG_WARN_STRICT_PROTOTYPES = YES;
				CLANG_WARN_SUSPICIOUS_MOVE = YES;
				CLANG_WARN_UNGUARDED_AVAILABILITY = YES_AGGRESSIVE;
				CLANG_WARN_UNREACHABLE_CODE = YES;
				CLANG_WARN__DUPLICATE_METHOD_MATCH = YES;
				COPY_PHASE_STRIP = NO;
				DEBUG_INFORMATION_FORMAT = "dwarf-with-dsym";
				ENABLE_NS_ASSERTIONS = NO;
				ENABLE_STRICT_OBJC_MSGSEND = YES;
				GCC_C_LANGUAGE_STANDARD = gnu11;
				GCC_NO_COMMON_BLOCKS = YES;
				GCC_WARN_64_TO_32_BIT_CONVERSION = YES;
				GCC_WARN_ABOUT_RETURN_TYPE = YES_ERROR;
				GCC_WARN_UNDECLARED_SELECTOR = YES;
				GCC_WARN_UNINITIALIZED_AUTOS = YES_AGGRESSIVE;
				GCC_WARN_UNUSED_FUNCTION = YES;
				GCC_WARN_UNUSED_VARIABLE = YES;
				IPHONEOS_DEPLOYMENT_TARGET = 16.2;
				MTL_ENABLE_DEBUG_INFO = NO;
				MTL_FAST_MATH = YES;
				SDKROOT = iphoneos;
				SWIFT_COMPILATION_MODE = wholemodule;
				SWIFT_OPTIMIZATION_LEVEL = "-O";
				VALIDATE_PRODUCT = YES;
			};
			name = Release;
		};
		C7433DA929E17AF600B16B52 /* Debug */ = {
			isa = XCBuildConfiguration;
			buildSettings = {
				ASSETCATALOG_COMPILER_APPICON_NAME = AppIcon;
				ASSETCATALOG_COMPILER_GLOBAL_ACCENT_COLOR_NAME = AccentColor;
				CODE_SIGN_STYLE = Automatic;
				CURRENT_PROJECT_VERSION = 1;
				GENERATE_INFOPLIST_FILE = YES;
				INFOPLIST_FILE = Shroom/Info.plist;
				INFOPLIST_KEY_UIApplicationSupportsIndirectInputEvents = YES;
				INFOPLIST_KEY_UILaunchStoryboardName = LaunchScreen;
				INFOPLIST_KEY_UIMainStoryboardFile = Main;
				INFOPLIST_KEY_UISupportedInterfaceOrientations_iPad = "UIInterfaceOrientationPortrait UIInterfaceOrientationPortraitUpsideDown UIInterfaceOrientationLandscapeLeft UIInterfaceOrientationLandscapeRight";
				INFOPLIST_KEY_UISupportedInterfaceOrientations_iPhone = "UIInterfaceOrientationPortrait UIInterfaceOrientationLandscapeLeft UIInterfaceOrientationLandscapeRight";
				LD_RUNPATH_SEARCH_PATHS = (
					"$(inherited)",
					"@executable_path/Frameworks",
				);
				MARKETING_VERSION = 1.0;
				PRODUCT_BUNDLE_IDENTIFIER = edu.monash.Shroom;
				PRODUCT_NAME = "$(TARGET_NAME)";
				SWIFT_EMIT_LOC_STRINGS = YES;
				SWIFT_VERSION = 5.0;
				TARGETED_DEVICE_FAMILY = "1,2";
			};
			name = Debug;
		};
		C7433DAA29E17AF600B16B52 /* Release */ = {
			isa = XCBuildConfiguration;
			buildSettings = {
				ASSETCATALOG_COMPILER_APPICON_NAME = AppIcon;
				ASSETCATALOG_COMPILER_GLOBAL_ACCENT_COLOR_NAME = AccentColor;
				CODE_SIGN_STYLE = Automatic;
				CURRENT_PROJECT_VERSION = 1;
				GENERATE_INFOPLIST_FILE = YES;
				INFOPLIST_FILE = Shroom/Info.plist;
				INFOPLIST_KEY_UIApplicationSupportsIndirectInputEvents = YES;
				INFOPLIST_KEY_UILaunchStoryboardName = LaunchScreen;
				INFOPLIST_KEY_UIMainStoryboardFile = Main;
				INFOPLIST_KEY_UISupportedInterfaceOrientations_iPad = "UIInterfaceOrientationPortrait UIInterfaceOrientationPortraitUpsideDown UIInterfaceOrientationLandscapeLeft UIInterfaceOrientationLandscapeRight";
				INFOPLIST_KEY_UISupportedInterfaceOrientations_iPhone = "UIInterfaceOrientationPortrait UIInterfaceOrientationLandscapeLeft UIInterfaceOrientationLandscapeRight";
				LD_RUNPATH_SEARCH_PATHS = (
					"$(inherited)",
					"@executable_path/Frameworks",
				);
				MARKETING_VERSION = 1.0;
				PRODUCT_BUNDLE_IDENTIFIER = edu.monash.Shroom;
				PRODUCT_NAME = "$(TARGET_NAME)";
				SWIFT_EMIT_LOC_STRINGS = YES;
				SWIFT_VERSION = 5.0;
				TARGETED_DEVICE_FAMILY = "1,2";
			};
			name = Release;
		};
/* End XCBuildConfiguration section */

/* Begin XCConfigurationList section */
		C7433D8F29E17AF400B16B52 /* Build configuration list for PBXProject "Shroom" */ = {
			isa = XCConfigurationList;
			buildConfigurations = (
				C7433DA629E17AF600B16B52 /* Debug */,
				C7433DA729E17AF600B16B52 /* Release */,
			);
			defaultConfigurationIsVisible = 0;
			defaultConfigurationName = Release;
		};
		C7433DA829E17AF600B16B52 /* Build configuration list for PBXNativeTarget "Shroom" */ = {
			isa = XCConfigurationList;
			buildConfigurations = (
				C7433DA929E17AF600B16B52 /* Debug */,
				C7433DAA29E17AF600B16B52 /* Release */,
			);
			defaultConfigurationIsVisible = 0;
			defaultConfigurationName = Release;
		};
/* End XCConfigurationList section */

/* Begin XCVersionGroup section */
		C7433DB529E17E5600B16B52 /* ShroomModel.xcdatamodeld */ = {
			isa = XCVersionGroup;
			children = (
				C7433DB629E17E5600B16B52 /* ShroomModel.xcdatamodel */,
			);
			currentVersion = C7433DB629E17E5600B16B52 /* ShroomModel.xcdatamodel */;
			path = ShroomModel.xcdatamodeld;
			sourceTree = "<group>";
			versionGroupType = wrapper.xcdatamodel;
		};
/* End XCVersionGroup section */
	};
	rootObject = C7433D8C29E17AF400B16B52 /* Project object */;
}
