// !$*UTF8*$!
{
	archiveVersion = 1;
	classes = {
	};
	objectVersion = 56;
	objects = {

/* Begin PBXBuildFile section */
		C708ADE82A21A86100127CB2 /* ProductivityChartViewController.swift in Sources */ = {isa = PBXBuildFile; fileRef = C708ADE72A21A86100127CB2 /* ProductivityChartViewController.swift */; };
		C708ADEA2A21A8BF00127CB2 /* AllTasksTableViewController.swift in Sources */ = {isa = PBXBuildFile; fileRef = C708ADE92A21A8BF00127CB2 /* AllTasksTableViewController.swift */; };
		C708ADEC2A21A8D900127CB2 /* TaskTableViewCell.swift in Sources */ = {isa = PBXBuildFile; fileRef = C708ADEB2A21A8D900127CB2 /* TaskTableViewCell.swift */; };
		C708ADEE2A21D8EB00127CB2 /* AddTaskViewController.swift in Sources */ = {isa = PBXBuildFile; fileRef = C708ADED2A21D8EB00127CB2 /* AddTaskViewController.swift */; };
		C708ADF02A21E23F00127CB2 /* AddNewTask.swift in Sources */ = {isa = PBXBuildFile; fileRef = C708ADEF2A21E23F00127CB2 /* AddNewTask.swift */; };
		C708ADF22A23472300127CB2 /* TabBarViewController.swift in Sources */ = {isa = PBXBuildFile; fileRef = C708ADF12A23472300127CB2 /* TabBarViewController.swift */; };
		C708ADF42A23492B00127CB2 /* SocialViewController.swift in Sources */ = {isa = PBXBuildFile; fileRef = C708ADF32A23492B00127CB2 /* SocialViewController.swift */; };
		C708ADF62A23494300127CB2 /* ShopViewController.swift in Sources */ = {isa = PBXBuildFile; fileRef = C708ADF52A23494300127CB2 /* ShopViewController.swift */; };
		C708ADF82A2369D900127CB2 /* CompleteTaskViewController.swift in Sources */ = {isa = PBXBuildFile; fileRef = C708ADF72A2369D900127CB2 /* CompleteTaskViewController.swift */; };
		C708ADFA2A2378EF00127CB2 /* HolidayAPI.swift in Sources */ = {isa = PBXBuildFile; fileRef = C708ADF92A2378EF00127CB2 /* HolidayAPI.swift */; };
		C708ADFD2A2379C700127CB2 /* Siesta in Frameworks */ = {isa = PBXBuildFile; productRef = C708ADFC2A2379C700127CB2 /* Siesta */; };
		C708ADFF2A2379C700127CB2 /* SiestaUI in Frameworks */ = {isa = PBXBuildFile; productRef = C708ADFE2A2379C700127CB2 /* SiestaUI */; };
		C708AE012A24645900127CB2 /* CircularProgressBarView.swift in Sources */ = {isa = PBXBuildFile; fileRef = C708AE002A24645900127CB2 /* CircularProgressBarView.swift */; };
		C708AE052A26144600127CB2 /* CurrentTaskDelegate.swift in Sources */ = {isa = PBXBuildFile; fileRef = C708AE042A26144600127CB2 /* CurrentTaskDelegate.swift */; };
		C70F4E482A1F52BD009696BB /* AddUnitViewController.swift in Sources */ = {isa = PBXBuildFile; fileRef = C70F4E472A1F52BD009696BB /* AddUnitViewController.swift */; };
		C723E9532A2F7AB800066E3F /* BadgesViewController.swift in Sources */ = {isa = PBXBuildFile; fileRef = C723E9522A2F7AB800066E3F /* BadgesViewController.swift */; };
		C723E9552A2F86AC00066E3F /* BadgeCollectionViewCell.swift in Sources */ = {isa = PBXBuildFile; fileRef = C723E9542A2F86AC00066E3F /* BadgeCollectionViewCell.swift */; };
		C723E95E2A2F964F00066E3F /* Inventory+CoreDataClass.swift in Sources */ = {isa = PBXBuildFile; fileRef = C723E95A2A2F964F00066E3F /* Inventory+CoreDataClass.swift */; };
		C723E95F2A2F964F00066E3F /* Inventory+CoreDataProperties.swift in Sources */ = {isa = PBXBuildFile; fileRef = C723E95B2A2F964F00066E3F /* Inventory+CoreDataProperties.swift */; };
		C723E9602A2F964F00066E3F /* Badge+CoreDataClass.swift in Sources */ = {isa = PBXBuildFile; fileRef = C723E95C2A2F964F00066E3F /* Badge+CoreDataClass.swift */; };
		C723E9612A2F964F00066E3F /* Badge+CoreDataProperties.swift in Sources */ = {isa = PBXBuildFile; fileRef = C723E95D2A2F964F00066E3F /* Badge+CoreDataProperties.swift */; };
		C723E9632A30CBD100066E3F /* GuildTableViewCell.swift in Sources */ = {isa = PBXBuildFile; fileRef = C723E9622A30CBD100066E3F /* GuildTableViewCell.swift */; };
		C732931B2A049E48006966B7 /* AuthenticationViewController.swift in Sources */ = {isa = PBXBuildFile; fileRef = C732931A2A049E48006966B7 /* AuthenticationViewController.swift */; };
		C732931D2A04AE4B006966B7 /* SignUpViewController.swift in Sources */ = {isa = PBXBuildFile; fileRef = C732931C2A04AE4B006966B7 /* SignUpViewController.swift */; };
		C732931F2A04AE59006966B7 /* LogInViewController.swift in Sources */ = {isa = PBXBuildFile; fileRef = C732931E2A04AE59006966B7 /* LogInViewController.swift */; };
		C735D4D929EFBE41009DF770 /* FirebaseAuth in Frameworks */ = {isa = PBXBuildFile; productRef = C735D4D829EFBE41009DF770 /* FirebaseAuth */; };
		C735D4DB29EFBE41009DF770 /* FirebaseFirestore in Frameworks */ = {isa = PBXBuildFile; productRef = C735D4DA29EFBE41009DF770 /* FirebaseFirestore */; };
		C735D4DD29EFBE41009DF770 /* FirebaseFirestoreSwift in Frameworks */ = {isa = PBXBuildFile; productRef = C735D4DC29EFBE41009DF770 /* FirebaseFirestoreSwift */; };
		C735D4DF29EFBE8F009DF770 /* User.swift in Sources */ = {isa = PBXBuildFile; fileRef = C735D4DE29EFBE8F009DF770 /* User.swift */; };
		C735D4E129EFBEA3009DF770 /* Character.swift in Sources */ = {isa = PBXBuildFile; fileRef = C735D4E029EFBEA3009DF770 /* Character.swift */; };
		C735D4E329EFBEAE009DF770 /* TaskItem.swift in Sources */ = {isa = PBXBuildFile; fileRef = C735D4E229EFBEAE009DF770 /* TaskItem.swift */; };
		C735D4E529EFC0FC009DF770 /* DatabaseController.swift in Sources */ = {isa = PBXBuildFile; fileRef = C735D4E429EFC0FC009DF770 /* DatabaseController.swift */; };
		C735D4E729F0F2F5009DF770 /* GoogleService-Info.plist in Resources */ = {isa = PBXBuildFile; fileRef = C735D4E629F0F2F5009DF770 /* GoogleService-Info.plist */; };
		C735D4ED29F12DB2009DF770 /* BreakdownViewController.swift in Sources */ = {isa = PBXBuildFile; fileRef = C735D4EC29F12DB2009DF770 /* BreakdownViewController.swift */; };
		C7433D9829E17AF400B16B52 /* AppDelegate.swift in Sources */ = {isa = PBXBuildFile; fileRef = C7433D9729E17AF400B16B52 /* AppDelegate.swift */; };
		C7433D9A29E17AF400B16B52 /* SceneDelegate.swift in Sources */ = {isa = PBXBuildFile; fileRef = C7433D9929E17AF400B16B52 /* SceneDelegate.swift */; };
		C7433D9C29E17AF400B16B52 /* ViewController.swift in Sources */ = {isa = PBXBuildFile; fileRef = C7433D9B29E17AF400B16B52 /* ViewController.swift */; };
		C7433D9F29E17AF400B16B52 /* Main.storyboard in Resources */ = {isa = PBXBuildFile; fileRef = C7433D9D29E17AF400B16B52 /* Main.storyboard */; };
		C7433DA129E17AF600B16B52 /* Assets.xcassets in Resources */ = {isa = PBXBuildFile; fileRef = C7433DA029E17AF600B16B52 /* Assets.xcassets */; };
		C7433DA429E17AF600B16B52 /* LaunchScreen.storyboard in Resources */ = {isa = PBXBuildFile; fileRef = C7433DA229E17AF600B16B52 /* LaunchScreen.storyboard */; };
		C7433DAF29E17B3900B16B52 /* ChooseNameViewController.swift in Sources */ = {isa = PBXBuildFile; fileRef = C7433DAE29E17B3900B16B52 /* ChooseNameViewController.swift */; };
		C7433DB129E17B4F00B16B52 /* PickCharacterViewController.swift in Sources */ = {isa = PBXBuildFile; fileRef = C7433DB029E17B4F00B16B52 /* PickCharacterViewController.swift */; };
		C7433DC129E17FBD00B16B52 /* DatabaseProtocol.swift in Sources */ = {isa = PBXBuildFile; fileRef = C7433DC029E17FBD00B16B52 /* DatabaseProtocol.swift */; };
		C7433DC329E1815200B16B52 /* MulticastDelegate.swift in Sources */ = {isa = PBXBuildFile; fileRef = C7433DC229E1815200B16B52 /* MulticastDelegate.swift */; };
		C7433DC729E18AC300B16B52 /* ConnectionBold-ER1g.otf in Resources */ = {isa = PBXBuildFile; fileRef = C7433DC629E18AC300B16B52 /* ConnectionBold-ER1g.otf */; };
		C7433DC929E18AD800B16B52 /* PixelGameFont.ttf in Resources */ = {isa = PBXBuildFile; fileRef = C7433DC829E18AD800B16B52 /* PixelGameFont.ttf */; };
		C779D9082A19F51300D96570 /* TodayTableViewController.swift in Sources */ = {isa = PBXBuildFile; fileRef = C779D9072A19F51300D96570 /* TodayTableViewController.swift */; };
		C779D90C2A19F57B00D96570 /* UpcomingViewController.swift in Sources */ = {isa = PBXBuildFile; fileRef = C779D90B2A19F57A00D96570 /* UpcomingViewController.swift */; };
		C779D9102A1A2F8800D96570 /* UnitCollectionViewCell.swift in Sources */ = {isa = PBXBuildFile; fileRef = C779D90F2A1A2F8800D96570 /* UnitCollectionViewCell.swift */; };
		C779D9122A1A464F00D96570 /* UnitTableViewController.swift in Sources */ = {isa = PBXBuildFile; fileRef = C779D9112A1A464F00D96570 /* UnitTableViewController.swift */; };
		C779D9142A1B73DD00D96570 /* Unit.swift in Sources */ = {isa = PBXBuildFile; fileRef = C779D9132A1B73DD00D96570 /* Unit.swift */; };
		C7CCFACE2A2AD5B300821E10 /* ChartUIView.swift in Sources */ = {isa = PBXBuildFile; fileRef = C7CCFACD2A2AD5B300821E10 /* ChartUIView.swift */; };
		C7CCFAD22A2B069000821E10 /* Shroom-DataModel.xcdatamodeld in Sources */ = {isa = PBXBuildFile; fileRef = C7CCFAD02A2B069000821E10 /* Shroom-DataModel.xcdatamodeld */; };
		C7EFD9152A2B57F4006CA613 /* SegmentedViewController.swift in Sources */ = {isa = PBXBuildFile; fileRef = C7EFD9142A2B57F4006CA613 /* SegmentedViewController.swift */; };
		C7F1C0CB2A34785500F61B5E /* AddMemberViewController.swift in Sources */ = {isa = PBXBuildFile; fileRef = C7F1C0CA2A34785500F61B5E /* AddMemberViewController.swift */; };
/* End PBXBuildFile section */

/* Begin PBXFileReference section */
		C708ADE72A21A86100127CB2 /* ProductivityChartViewController.swift */ = {isa = PBXFileReference; fileEncoding = 4; lastKnownFileType = sourcecode.swift; path = ProductivityChartViewController.swift; sourceTree = "<group>"; };
		C708ADE92A21A8BF00127CB2 /* AllTasksTableViewController.swift */ = {isa = PBXFileReference; fileEncoding = 4; lastKnownFileType = sourcecode.swift; path = AllTasksTableViewController.swift; sourceTree = "<group>"; };
		C708ADEB2A21A8D900127CB2 /* TaskTableViewCell.swift */ = {isa = PBXFileReference; fileEncoding = 4; lastKnownFileType = sourcecode.swift; path = TaskTableViewCell.swift; sourceTree = "<group>"; };
		C708ADED2A21D8EB00127CB2 /* AddTaskViewController.swift */ = {isa = PBXFileReference; fileEncoding = 4; lastKnownFileType = sourcecode.swift; path = AddTaskViewController.swift; sourceTree = "<group>"; };
		C708ADEF2A21E23F00127CB2 /* AddNewTask.swift */ = {isa = PBXFileReference; lastKnownFileType = sourcecode.swift; path = AddNewTask.swift; sourceTree = "<group>"; };
		C708ADF12A23472300127CB2 /* TabBarViewController.swift */ = {isa = PBXFileReference; lastKnownFileType = sourcecode.swift; path = TabBarViewController.swift; sourceTree = "<group>"; };
		C708ADF32A23492B00127CB2 /* SocialViewController.swift */ = {isa = PBXFileReference; lastKnownFileType = sourcecode.swift; path = SocialViewController.swift; sourceTree = "<group>"; };
		C708ADF52A23494300127CB2 /* ShopViewController.swift */ = {isa = PBXFileReference; lastKnownFileType = sourcecode.swift; path = ShopViewController.swift; sourceTree = "<group>"; };
		C708ADF72A2369D900127CB2 /* CompleteTaskViewController.swift */ = {isa = PBXFileReference; lastKnownFileType = sourcecode.swift; path = CompleteTaskViewController.swift; sourceTree = "<group>"; };
		C708ADF92A2378EF00127CB2 /* HolidayAPI.swift */ = {isa = PBXFileReference; lastKnownFileType = sourcecode.swift; path = HolidayAPI.swift; sourceTree = "<group>"; };
		C708AE002A24645900127CB2 /* CircularProgressBarView.swift */ = {isa = PBXFileReference; lastKnownFileType = sourcecode.swift; path = CircularProgressBarView.swift; sourceTree = "<group>"; };
		C708AE042A26144600127CB2 /* CurrentTaskDelegate.swift */ = {isa = PBXFileReference; lastKnownFileType = sourcecode.swift; path = CurrentTaskDelegate.swift; sourceTree = "<group>"; };
		C70F4E472A1F52BD009696BB /* AddUnitViewController.swift */ = {isa = PBXFileReference; lastKnownFileType = sourcecode.swift; path = AddUnitViewController.swift; sourceTree = "<group>"; };
		C723E9522A2F7AB800066E3F /* BadgesViewController.swift */ = {isa = PBXFileReference; lastKnownFileType = sourcecode.swift; path = BadgesViewController.swift; sourceTree = "<group>"; };
		C723E9542A2F86AC00066E3F /* BadgeCollectionViewCell.swift */ = {isa = PBXFileReference; lastKnownFileType = sourcecode.swift; path = BadgeCollectionViewCell.swift; sourceTree = "<group>"; };
		C723E95A2A2F964F00066E3F /* Inventory+CoreDataClass.swift */ = {isa = PBXFileReference; lastKnownFileType = sourcecode.swift; path = "Inventory+CoreDataClass.swift"; sourceTree = "<group>"; };
		C723E95B2A2F964F00066E3F /* Inventory+CoreDataProperties.swift */ = {isa = PBXFileReference; lastKnownFileType = sourcecode.swift; path = "Inventory+CoreDataProperties.swift"; sourceTree = "<group>"; };
		C723E95C2A2F964F00066E3F /* Badge+CoreDataClass.swift */ = {isa = PBXFileReference; lastKnownFileType = sourcecode.swift; path = "Badge+CoreDataClass.swift"; sourceTree = "<group>"; };
		C723E95D2A2F964F00066E3F /* Badge+CoreDataProperties.swift */ = {isa = PBXFileReference; lastKnownFileType = sourcecode.swift; path = "Badge+CoreDataProperties.swift"; sourceTree = "<group>"; };
		C723E9622A30CBD100066E3F /* GuildTableViewCell.swift */ = {isa = PBXFileReference; lastKnownFileType = sourcecode.swift; path = GuildTableViewCell.swift; sourceTree = "<group>"; };
		C732931A2A049E48006966B7 /* AuthenticationViewController.swift */ = {isa = PBXFileReference; lastKnownFileType = sourcecode.swift; path = AuthenticationViewController.swift; sourceTree = "<group>"; };
		C732931C2A04AE4B006966B7 /* SignUpViewController.swift */ = {isa = PBXFileReference; lastKnownFileType = sourcecode.swift; path = SignUpViewController.swift; sourceTree = "<group>"; };
		C732931E2A04AE59006966B7 /* LogInViewController.swift */ = {isa = PBXFileReference; lastKnownFileType = sourcecode.swift; path = LogInViewController.swift; sourceTree = "<group>"; };
		C735D4DE29EFBE8F009DF770 /* User.swift */ = {isa = PBXFileReference; lastKnownFileType = sourcecode.swift; path = User.swift; sourceTree = "<group>"; };
		C735D4E029EFBEA3009DF770 /* Character.swift */ = {isa = PBXFileReference; lastKnownFileType = sourcecode.swift; path = Character.swift; sourceTree = "<group>"; };
		C735D4E229EFBEAE009DF770 /* TaskItem.swift */ = {isa = PBXFileReference; lastKnownFileType = sourcecode.swift; path = TaskItem.swift; sourceTree = "<group>"; };
		C735D4E429EFC0FC009DF770 /* DatabaseController.swift */ = {isa = PBXFileReference; lastKnownFileType = sourcecode.swift; path = DatabaseController.swift; sourceTree = "<group>"; };
		C735D4E629F0F2F5009DF770 /* GoogleService-Info.plist */ = {isa = PBXFileReference; fileEncoding = 4; lastKnownFileType = text.plist.xml; path = "GoogleService-Info.plist"; sourceTree = "<group>"; };
		C735D4EC29F12DB2009DF770 /* BreakdownViewController.swift */ = {isa = PBXFileReference; lastKnownFileType = sourcecode.swift; path = BreakdownViewController.swift; sourceTree = "<group>"; };
		C7433D9429E17AF400B16B52 /* Shroom.app */ = {isa = PBXFileReference; explicitFileType = wrapper.application; includeInIndex = 0; path = Shroom.app; sourceTree = BUILT_PRODUCTS_DIR; };
		C7433D9729E17AF400B16B52 /* AppDelegate.swift */ = {isa = PBXFileReference; lastKnownFileType = sourcecode.swift; path = AppDelegate.swift; sourceTree = "<group>"; };
		C7433D9929E17AF400B16B52 /* SceneDelegate.swift */ = {isa = PBXFileReference; lastKnownFileType = sourcecode.swift; path = SceneDelegate.swift; sourceTree = "<group>"; };
		C7433D9B29E17AF400B16B52 /* ViewController.swift */ = {isa = PBXFileReference; lastKnownFileType = sourcecode.swift; path = ViewController.swift; sourceTree = "<group>"; };
		C7433D9E29E17AF400B16B52 /* Base */ = {isa = PBXFileReference; lastKnownFileType = file.storyboard; name = Base; path = Base.lproj/Main.storyboard; sourceTree = "<group>"; };
		C7433DA029E17AF600B16B52 /* Assets.xcassets */ = {isa = PBXFileReference; lastKnownFileType = folder.assetcatalog; path = Assets.xcassets; sourceTree = "<group>"; };
		C7433DA329E17AF600B16B52 /* Base */ = {isa = PBXFileReference; lastKnownFileType = file.storyboard; name = Base; path = Base.lproj/LaunchScreen.storyboard; sourceTree = "<group>"; };
		C7433DA529E17AF600B16B52 /* Info.plist */ = {isa = PBXFileReference; lastKnownFileType = text.plist.xml; path = Info.plist; sourceTree = "<group>"; };
		C7433DAE29E17B3900B16B52 /* ChooseNameViewController.swift */ = {isa = PBXFileReference; lastKnownFileType = sourcecode.swift; path = ChooseNameViewController.swift; sourceTree = "<group>"; };
		C7433DB029E17B4F00B16B52 /* PickCharacterViewController.swift */ = {isa = PBXFileReference; lastKnownFileType = sourcecode.swift; path = PickCharacterViewController.swift; sourceTree = "<group>"; };
		C7433DC029E17FBD00B16B52 /* DatabaseProtocol.swift */ = {isa = PBXFileReference; lastKnownFileType = sourcecode.swift; path = DatabaseProtocol.swift; sourceTree = "<group>"; };
		C7433DC229E1815200B16B52 /* MulticastDelegate.swift */ = {isa = PBXFileReference; lastKnownFileType = sourcecode.swift; path = MulticastDelegate.swift; sourceTree = "<group>"; };
		C7433DC629E18AC300B16B52 /* ConnectionBold-ER1g.otf */ = {isa = PBXFileReference; lastKnownFileType = file; path = "ConnectionBold-ER1g.otf"; sourceTree = "<group>"; };
		C7433DC829E18AD800B16B52 /* PixelGameFont.ttf */ = {isa = PBXFileReference; lastKnownFileType = file; path = PixelGameFont.ttf; sourceTree = "<group>"; };
		C779D9072A19F51300D96570 /* TodayTableViewController.swift */ = {isa = PBXFileReference; fileEncoding = 4; lastKnownFileType = sourcecode.swift; path = TodayTableViewController.swift; sourceTree = "<group>"; };
		C779D90B2A19F57A00D96570 /* UpcomingViewController.swift */ = {isa = PBXFileReference; fileEncoding = 4; lastKnownFileType = sourcecode.swift; path = UpcomingViewController.swift; sourceTree = "<group>"; };
		C779D90F2A1A2F8800D96570 /* UnitCollectionViewCell.swift */ = {isa = PBXFileReference; lastKnownFileType = sourcecode.swift; path = UnitCollectionViewCell.swift; sourceTree = "<group>"; };
		C779D9112A1A464F00D96570 /* UnitTableViewController.swift */ = {isa = PBXFileReference; lastKnownFileType = sourcecode.swift; path = UnitTableViewController.swift; sourceTree = "<group>"; };
		C779D9132A1B73DD00D96570 /* Unit.swift */ = {isa = PBXFileReference; lastKnownFileType = sourcecode.swift; path = Unit.swift; sourceTree = "<group>"; };
		C7CCFACD2A2AD5B300821E10 /* ChartUIView.swift */ = {isa = PBXFileReference; lastKnownFileType = sourcecode.swift; path = ChartUIView.swift; sourceTree = "<group>"; };
		C7CCFAD12A2B069000821E10 /* Shroom-DataModel.xcdatamodel */ = {isa = PBXFileReference; lastKnownFileType = wrapper.xcdatamodel; path = "Shroom-DataModel.xcdatamodel"; sourceTree = "<group>"; };
		C7EFD9142A2B57F4006CA613 /* SegmentedViewController.swift */ = {isa = PBXFileReference; lastKnownFileType = sourcecode.swift; path = SegmentedViewController.swift; sourceTree = "<group>"; };
		C7F1C0CA2A34785500F61B5E /* AddMemberViewController.swift */ = {isa = PBXFileReference; lastKnownFileType = sourcecode.swift; path = AddMemberViewController.swift; sourceTree = "<group>"; };
/* End PBXFileReference section */

/* Begin PBXFrameworksBuildPhase section */
		C7433D9129E17AF400B16B52 /* Frameworks */ = {
			isa = PBXFrameworksBuildPhase;
			buildActionMask = 2147483647;
			files = (
				C735D4D929EFBE41009DF770 /* FirebaseAuth in Frameworks */,
				C735D4DB29EFBE41009DF770 /* FirebaseFirestore in Frameworks */,
				C708ADFF2A2379C700127CB2 /* SiestaUI in Frameworks */,
				C735D4DD29EFBE41009DF770 /* FirebaseFirestoreSwift in Frameworks */,
				C708ADFD2A2379C700127CB2 /* Siesta in Frameworks */,
			);
			runOnlyForDeploymentPostprocessing = 0;
		};
/* End PBXFrameworksBuildPhase section */

/* Begin PBXGroup section */
		C7433D8B29E17AF400B16B52 = {
			isa = PBXGroup;
			children = (
				C735D4E629F0F2F5009DF770 /* GoogleService-Info.plist */,
				C7433D9629E17AF400B16B52 /* Shroom */,
				C7433D9529E17AF400B16B52 /* Products */,
			);
			sourceTree = "<group>";
		};
		C7433D9529E17AF400B16B52 /* Products */ = {
			isa = PBXGroup;
			children = (
				C7433D9429E17AF400B16B52 /* Shroom.app */,
			);
			name = Products;
			sourceTree = "<group>";
		};
		C7433D9629E17AF400B16B52 /* Shroom */ = {
			isa = PBXGroup;
			children = (
				C7CCFACF2A2B066C00821E10 /* CoreData */,
				C7433DB429E17DDD00B16B52 /* Database */,
				C7433DB229E17DCB00B16B52 /* Font */,
				C7433D9729E17AF400B16B52 /* AppDelegate.swift */,
				C7433D9929E17AF400B16B52 /* SceneDelegate.swift */,
				C7433D9B29E17AF400B16B52 /* ViewController.swift */,
				C708ADF12A23472300127CB2 /* TabBarViewController.swift */,
				C7433D9D29E17AF400B16B52 /* Main.storyboard */,
				C7433DA029E17AF600B16B52 /* Assets.xcassets */,
				C7433DA229E17AF600B16B52 /* LaunchScreen.storyboard */,
				C7433DA529E17AF600B16B52 /* Info.plist */,
				C735D4DE29EFBE8F009DF770 /* User.swift */,
				C735D4E029EFBEA3009DF770 /* Character.swift */,
				C779D9132A1B73DD00D96570 /* Unit.swift */,
				C735D4E229EFBEAE009DF770 /* TaskItem.swift */,
				C708ADEF2A21E23F00127CB2 /* AddNewTask.swift */,
				C7433DAE29E17B3900B16B52 /* ChooseNameViewController.swift */,
				C7433DB029E17B4F00B16B52 /* PickCharacterViewController.swift */,
				C735D4EC29F12DB2009DF770 /* BreakdownViewController.swift */,
				C732931A2A049E48006966B7 /* AuthenticationViewController.swift */,
				C732931C2A04AE4B006966B7 /* SignUpViewController.swift */,
				C732931E2A04AE59006966B7 /* LogInViewController.swift */,
				C708ADEB2A21A8D900127CB2 /* TaskTableViewCell.swift */,
				C708ADED2A21D8EB00127CB2 /* AddTaskViewController.swift */,
				C708ADE92A21A8BF00127CB2 /* AllTasksTableViewController.swift */,
				C779D9072A19F51300D96570 /* TodayTableViewController.swift */,
				C779D90B2A19F57A00D96570 /* UpcomingViewController.swift */,
				C779D90F2A1A2F8800D96570 /* UnitCollectionViewCell.swift */,
				C779D9112A1A464F00D96570 /* UnitTableViewController.swift */,
				C70F4E472A1F52BD009696BB /* AddUnitViewController.swift */,
				C708ADE72A21A86100127CB2 /* ProductivityChartViewController.swift */,
				C723E9622A30CBD100066E3F /* GuildTableViewCell.swift */,
				C7F1C0CA2A34785500F61B5E /* AddMemberViewController.swift */,
				C708ADF32A23492B00127CB2 /* SocialViewController.swift */,
				C708ADF52A23494300127CB2 /* ShopViewController.swift */,
				C708AE002A24645900127CB2 /* CircularProgressBarView.swift */,
				C708ADF72A2369D900127CB2 /* CompleteTaskViewController.swift */,
				C708AE042A26144600127CB2 /* CurrentTaskDelegate.swift */,
				C7EFD9142A2B57F4006CA613 /* SegmentedViewController.swift */,
				C723E9522A2F7AB800066E3F /* BadgesViewController.swift */,
				C723E9542A2F86AC00066E3F /* BadgeCollectionViewCell.swift */,
				C708ADF92A2378EF00127CB2 /* HolidayAPI.swift */,
				C7CCFACD2A2AD5B300821E10 /* ChartUIView.swift */,
			);
			path = Shroom;
			sourceTree = "<group>";
		};
		C7433DB229E17DCB00B16B52 /* Font */ = {
			isa = PBXGroup;
			children = (
				C7433DC829E18AD800B16B52 /* PixelGameFont.ttf */,
				C7433DC629E18AC300B16B52 /* ConnectionBold-ER1g.otf */,
			);
			path = Font;
			sourceTree = "<group>";
		};
		C7433DB429E17DDD00B16B52 /* Database */ = {
			isa = PBXGroup;
			children = (
				C7433DC229E1815200B16B52 /* MulticastDelegate.swift */,
				C7433DC029E17FBD00B16B52 /* DatabaseProtocol.swift */,
				C735D4E429EFC0FC009DF770 /* DatabaseController.swift */,
			);
			path = Database;
			sourceTree = "<group>";
		};
		C7CCFACF2A2B066C00821E10 /* CoreData */ = {
			isa = PBXGroup;
			children = (
				C723E95A2A2F964F00066E3F /* Inventory+CoreDataClass.swift */,
				C723E95B2A2F964F00066E3F /* Inventory+CoreDataProperties.swift */,
				C723E95C2A2F964F00066E3F /* Badge+CoreDataClass.swift */,
				C723E95D2A2F964F00066E3F /* Badge+CoreDataProperties.swift */,
				C7CCFAD02A2B069000821E10 /* Shroom-DataModel.xcdatamodeld */,
			);
			path = CoreData;
			sourceTree = "<group>";
		};
/* End PBXGroup section */

/* Begin PBXNativeTarget section */
		C7433D9329E17AF400B16B52 /* Shroom */ = {
			isa = PBXNativeTarget;
			buildConfigurationList = C7433DA829E17AF600B16B52 /* Build configuration list for PBXNativeTarget "Shroom" */;
			buildPhases = (
				C7433D9029E17AF400B16B52 /* Sources */,
				C7433D9129E17AF400B16B52 /* Frameworks */,
				C7433D9229E17AF400B16B52 /* Resources */,
			);
			buildRules = (
			);
			dependencies = (
			);
			name = Shroom;
			packageProductDependencies = (
				C735D4D829EFBE41009DF770 /* FirebaseAuth */,
				C735D4DA29EFBE41009DF770 /* FirebaseFirestore */,
				C735D4DC29EFBE41009DF770 /* FirebaseFirestoreSwift */,
				C708ADFC2A2379C700127CB2 /* Siesta */,
				C708ADFE2A2379C700127CB2 /* SiestaUI */,
			);
			productName = Shroom;
			productReference = C7433D9429E17AF400B16B52 /* Shroom.app */;
			productType = "com.apple.product-type.application";
		};
/* End PBXNativeTarget section */

/* Begin PBXProject section */
		C7433D8C29E17AF400B16B52 /* Project object */ = {
			isa = PBXProject;
			attributes = {
				BuildIndependentTargetsInParallel = 1;
				LastSwiftUpdateCheck = 1420;
				LastUpgradeCheck = 1420;
				TargetAttributes = {
					C7433D9329E17AF400B16B52 = {
						CreatedOnToolsVersion = 14.2;
					};
				};
			};
			buildConfigurationList = C7433D8F29E17AF400B16B52 /* Build configuration list for PBXProject "Shroom" */;
			compatibilityVersion = "Xcode 14.0";
			developmentRegion = en;
			hasScannedForEncodings = 0;
			knownRegions = (
				en,
				Base,
			);
			mainGroup = C7433D8B29E17AF400B16B52;
			packageReferences = (
				C735D4D729EFBE41009DF770 /* XCRemoteSwiftPackageReference "firebase-ios-sdk" */,
				C708ADFB2A2379C700127CB2 /* XCRemoteSwiftPackageReference "siesta" */,
			);
			productRefGroup = C7433D9529E17AF400B16B52 /* Products */;
			projectDirPath = "";
			projectRoot = "";
			targets = (
				C7433D9329E17AF400B16B52 /* Shroom */,
			);
		};
/* End PBXProject section */

/* Begin PBXResourcesBuildPhase section */
		C7433D9229E17AF400B16B52 /* Resources */ = {
			isa = PBXResourcesBuildPhase;
			buildActionMask = 2147483647;
			files = (
				C7433DA429E17AF600B16B52 /* LaunchScreen.storyboard in Resources */,
				C7433DA129E17AF600B16B52 /* Assets.xcassets in Resources */,
				C7433DC929E18AD800B16B52 /* PixelGameFont.ttf in Resources */,
				C7433D9F29E17AF400B16B52 /* Main.storyboard in Resources */,
				C7433DC729E18AC300B16B52 /* ConnectionBold-ER1g.otf in Resources */,
				C735D4E729F0F2F5009DF770 /* GoogleService-Info.plist in Resources */,
			);
			runOnlyForDeploymentPostprocessing = 0;
		};
/* End PBXResourcesBuildPhase section */

/* Begin PBXSourcesBuildPhase section */
		C7433D9029E17AF400B16B52 /* Sources */ = {
			isa = PBXSourcesBuildPhase;
			buildActionMask = 2147483647;
			files = (
				C735D4E529EFC0FC009DF770 /* DatabaseController.swift in Sources */,
				C735D4ED29F12DB2009DF770 /* BreakdownViewController.swift in Sources */,
				C7433D9C29E17AF400B16B52 /* ViewController.swift in Sources */,
				C708AE052A26144600127CB2 /* CurrentTaskDelegate.swift in Sources */,
				C779D9122A1A464F00D96570 /* UnitTableViewController.swift in Sources */,
				C723E95E2A2F964F00066E3F /* Inventory+CoreDataClass.swift in Sources */,
				C708ADF22A23472300127CB2 /* TabBarViewController.swift in Sources */,
				C708ADEE2A21D8EB00127CB2 /* AddTaskViewController.swift in Sources */,
				C7F1C0CB2A34785500F61B5E /* AddMemberViewController.swift in Sources */,
				C7433DB129E17B4F00B16B52 /* PickCharacterViewController.swift in Sources */,
				C7CCFAD22A2B069000821E10 /* Shroom-DataModel.xcdatamodeld in Sources */,
				C723E9602A2F964F00066E3F /* Badge+CoreDataClass.swift in Sources */,
				C7433D9829E17AF400B16B52 /* AppDelegate.swift in Sources */,
				C7433DC129E17FBD00B16B52 /* DatabaseProtocol.swift in Sources */,
				C723E9532A2F7AB800066E3F /* BadgesViewController.swift in Sources */,
				C735D4DF29EFBE8F009DF770 /* User.swift in Sources */,
				C723E95F2A2F964F00066E3F /* Inventory+CoreDataProperties.swift in Sources */,
				C708ADE82A21A86100127CB2 /* ProductivityChartViewController.swift in Sources */,
				C779D90C2A19F57B00D96570 /* UpcomingViewController.swift in Sources */,
				C732931B2A049E48006966B7 /* AuthenticationViewController.swift in Sources */,
				C708ADFA2A2378EF00127CB2 /* HolidayAPI.swift in Sources */,
				C735D4E329EFBEAE009DF770 /* TaskItem.swift in Sources */,
				C723E9632A30CBD100066E3F /* GuildTableViewCell.swift in Sources */,
				C708ADF82A2369D900127CB2 /* CompleteTaskViewController.swift in Sources */,
				C7CCFACE2A2AD5B300821E10 /* ChartUIView.swift in Sources */,
				C732931D2A04AE4B006966B7 /* SignUpViewController.swift in Sources */,
				C779D9142A1B73DD00D96570 /* Unit.swift in Sources */,
				C7433DAF29E17B3900B16B52 /* ChooseNameViewController.swift in Sources */,
				C708AE012A24645900127CB2 /* CircularProgressBarView.swift in Sources */,
				C779D9082A19F51300D96570 /* TodayTableViewController.swift in Sources */,
				C7EFD9152A2B57F4006CA613 /* SegmentedViewController.swift in Sources */,
				C708ADEC2A21A8D900127CB2 /* TaskTableViewCell.swift in Sources */,
				C708ADF62A23494300127CB2 /* ShopViewController.swift in Sources */,
				C732931F2A04AE59006966B7 /* LogInViewController.swift in Sources */,
				C7433D9A29E17AF400B16B52 /* SceneDelegate.swift in Sources */,
				C779D9102A1A2F8800D96570 /* UnitCollectionViewCell.swift in Sources */,
				C708ADF02A21E23F00127CB2 /* AddNewTask.swift in Sources */,
				C708ADF42A23492B00127CB2 /* SocialViewController.swift in Sources */,
				C735D4E129EFBEA3009DF770 /* Character.swift in Sources */,
				C70F4E482A1F52BD009696BB /* AddUnitViewController.swift in Sources */,
				C708ADEA2A21A8BF00127CB2 /* AllTasksTableViewController.swift in Sources */,
				C7433DC329E1815200B16B52 /* MulticastDelegate.swift in Sources */,
				C723E9552A2F86AC00066E3F /* BadgeCollectionViewCell.swift in Sources */,
				C723E9612A2F964F00066E3F /* Badge+CoreDataProperties.swift in Sources */,
			);
			runOnlyForDeploymentPostprocessing = 0;
		};
/* End PBXSourcesBuildPhase section */

/* Begin PBXVariantGroup section */
		C7433D9D29E17AF400B16B52 /* Main.storyboard */ = {
			isa = PBXVariantGroup;
			children = (
				C7433D9E29E17AF400B16B52 /* Base */,
			);
			name = Main.storyboard;
			sourceTree = "<group>";
		};
		C7433DA229E17AF600B16B52 /* LaunchScreen.storyboard */ = {
			isa = PBXVariantGroup;
			children = (
				C7433DA329E17AF600B16B52 /* Base */,
			);
			name = LaunchScreen.storyboard;
			sourceTree = "<group>";
		};
/* End PBXVariantGroup section */

/* Begin XCBuildConfiguration section */
		C7433DA629E17AF600B16B52 /* Debug */ = {
			isa = XCBuildConfiguration;
			buildSettings = {
				ALWAYS_SEARCH_USER_PATHS = NO;
				CLANG_ANALYZER_NONNULL = YES;
				CLANG_ANALYZER_NUMBER_OBJECT_CONVERSION = YES_AGGRESSIVE;
				CLANG_CXX_LANGUAGE_STANDARD = "gnu++20";
				CLANG_ENABLE_MODULES = YES;
				CLANG_ENABLE_OBJC_ARC = YES;
				CLANG_ENABLE_OBJC_WEAK = YES;
				CLANG_WARN_BLOCK_CAPTURE_AUTORELEASING = YES;
				CLANG_WARN_BOOL_CONVERSION = YES;
				CLANG_WARN_COMMA = YES;
				CLANG_WARN_CONSTANT_CONVERSION = YES;
				CLANG_WARN_DEPRECATED_OBJC_IMPLEMENTATIONS = YES;
				CLANG_WARN_DIRECT_OBJC_ISA_USAGE = YES_ERROR;
				CLANG_WARN_DOCUMENTATION_COMMENTS = YES;
				CLANG_WARN_EMPTY_BODY = YES;
				CLANG_WARN_ENUM_CONVERSION = YES;
				CLANG_WARN_INFINITE_RECURSION = YES;
				CLANG_WARN_INT_CONVERSION = YES;
				CLANG_WARN_NON_LITERAL_NULL_CONVERSION = YES;
				CLANG_WARN_OBJC_IMPLICIT_RETAIN_SELF = YES;
				CLANG_WARN_OBJC_LITERAL_CONVERSION = YES;
				CLANG_WARN_OBJC_ROOT_CLASS = YES_ERROR;
				CLANG_WARN_QUOTED_INCLUDE_IN_FRAMEWORK_HEADER = YES;
				CLANG_WARN_RANGE_LOOP_ANALYSIS = YES;
				CLANG_WARN_STRICT_PROTOTYPES = YES;
				CLANG_WARN_SUSPICIOUS_MOVE = YES;
				CLANG_WARN_UNGUARDED_AVAILABILITY = YES_AGGRESSIVE;
				CLANG_WARN_UNREACHABLE_CODE = YES;
				CLANG_WARN__DUPLICATE_METHOD_MATCH = YES;
				COPY_PHASE_STRIP = NO;
				DEBUG_INFORMATION_FORMAT = dwarf;
				ENABLE_STRICT_OBJC_MSGSEND = YES;
				ENABLE_TESTABILITY = YES;
				GCC_C_LANGUAGE_STANDARD = gnu11;
				GCC_DYNAMIC_NO_PIC = NO;
				GCC_NO_COMMON_BLOCKS = YES;
				GCC_OPTIMIZATION_LEVEL = 0;
				GCC_PREPROCESSOR_DEFINITIONS = (
					"DEBUG=1",
					"$(inherited)",
				);
				GCC_WARN_64_TO_32_BIT_CONVERSION = YES;
				GCC_WARN_ABOUT_RETURN_TYPE = YES_ERROR;
				GCC_WARN_UNDECLARED_SELECTOR = YES;
				GCC_WARN_UNINITIALIZED_AUTOS = YES_AGGRESSIVE;
				GCC_WARN_UNUSED_FUNCTION = YES;
				GCC_WARN_UNUSED_VARIABLE = YES;
				IPHONEOS_DEPLOYMENT_TARGET = 16.2;
				MTL_ENABLE_DEBUG_INFO = INCLUDE_SOURCE;
				MTL_FAST_MATH = YES;
				ONLY_ACTIVE_ARCH = YES;
				SDKROOT = iphoneos;
				SWIFT_ACTIVE_COMPILATION_CONDITIONS = DEBUG;
				SWIFT_OPTIMIZATION_LEVEL = "-Onone";
			};
			name = Debug;
		};
		C7433DA729E17AF600B16B52 /* Release */ = {
			isa = XCBuildConfiguration;
			buildSettings = {
				ALWAYS_SEARCH_USER_PATHS = NO;
				CLANG_ANALYZER_NONNULL = YES;
				CLANG_ANALYZER_NUMBER_OBJECT_CONVERSION = YES_AGGRESSIVE;
				CLANG_CXX_LANGUAGE_STANDARD = "gnu++20";
				CLANG_ENABLE_MODULES = YES;
				CLANG_ENABLE_OBJC_ARC = YES;
				CLANG_ENABLE_OBJC_WEAK = YES;
				CLANG_WARN_BLOCK_CAPTURE_AUTORELEASING = YES;
				CLANG_WARN_BOOL_CONVERSION = YES;
				CLANG_WARN_COMMA = YES;
				CLANG_WARN_CONSTANT_CONVERSION = YES;
				CLANG_WARN_DEPRECATED_OBJC_IMPLEMENTATIONS = YES;
				CLANG_WARN_DIRECT_OBJC_ISA_USAGE = YES_ERROR;
				CLANG_WARN_DOCUMENTATION_COMMENTS = YES;
				CLANG_WARN_EMPTY_BODY = YES;
				CLANG_WARN_ENUM_CONVERSION = YES;
				CLANG_WARN_INFINITE_RECURSION = YES;
				CLANG_WARN_INT_CONVERSION = YES;
				CLANG_WARN_NON_LITERAL_NULL_CONVERSION = YES;
				CLANG_WARN_OBJC_IMPLICIT_RETAIN_SELF = YES;
				CLANG_WARN_OBJC_LITERAL_CONVERSION = YES;
				CLANG_WARN_OBJC_ROOT_CLASS = YES_ERROR;
				CLANG_WARN_QUOTED_INCLUDE_IN_FRAMEWORK_HEADER = YES;
				CLANG_WARN_RANGE_LOOP_ANALYSIS = YES;
				CLANG_WARN_STRICT_PROTOTYPES = YES;
				CLANG_WARN_SUSPICIOUS_MOVE = YES;
				CLANG_WARN_UNGUARDED_AVAILABILITY = YES_AGGRESSIVE;
				CLANG_WARN_UNREACHABLE_CODE = YES;
				CLANG_WARN__DUPLICATE_METHOD_MATCH = YES;
				COPY_PHASE_STRIP = NO;
				DEBUG_INFORMATION_FORMAT = "dwarf-with-dsym";
				ENABLE_NS_ASSERTIONS = NO;
				ENABLE_STRICT_OBJC_MSGSEND = YES;
				GCC_C_LANGUAGE_STANDARD = gnu11;
				GCC_NO_COMMON_BLOCKS = YES;
				GCC_WARN_64_TO_32_BIT_CONVERSION = YES;
				GCC_WARN_ABOUT_RETURN_TYPE = YES_ERROR;
				GCC_WARN_UNDECLARED_SELECTOR = YES;
				GCC_WARN_UNINITIALIZED_AUTOS = YES_AGGRESSIVE;
				GCC_WARN_UNUSED_FUNCTION = YES;
				GCC_WARN_UNUSED_VARIABLE = YES;
				IPHONEOS_DEPLOYMENT_TARGET = 16.2;
				MTL_ENABLE_DEBUG_INFO = NO;
				MTL_FAST_MATH = YES;
				SDKROOT = iphoneos;
				SWIFT_COMPILATION_MODE = wholemodule;
				SWIFT_OPTIMIZATION_LEVEL = "-O";
				VALIDATE_PRODUCT = YES;
			};
			name = Release;
		};
		C7433DA929E17AF600B16B52 /* Debug */ = {
			isa = XCBuildConfiguration;
			buildSettings = {
				ASSETCATALOG_COMPILER_APPICON_NAME = AppIcon;
				ASSETCATALOG_COMPILER_GLOBAL_ACCENT_COLOR_NAME = AccentColor;
				CODE_SIGN_STYLE = Automatic;
				CURRENT_PROJECT_VERSION = 1;
				GENERATE_INFOPLIST_FILE = YES;
				INFOPLIST_FILE = Shroom/Info.plist;
				INFOPLIST_KEY_UIApplicationSupportsIndirectInputEvents = YES;
				INFOPLIST_KEY_UILaunchStoryboardName = LaunchScreen;
				INFOPLIST_KEY_UIMainStoryboardFile = Main;
				INFOPLIST_KEY_UISupportedInterfaceOrientations_iPad = "UIInterfaceOrientationPortrait UIInterfaceOrientationPortraitUpsideDown UIInterfaceOrientationLandscapeLeft UIInterfaceOrientationLandscapeRight";
				INFOPLIST_KEY_UISupportedInterfaceOrientations_iPhone = "UIInterfaceOrientationPortrait UIInterfaceOrientationLandscapeLeft UIInterfaceOrientationLandscapeRight";
				LD_RUNPATH_SEARCH_PATHS = (
					"$(inherited)",
					"@executable_path/Frameworks",
				);
				MARKETING_VERSION = 1.0;
				PRODUCT_BUNDLE_IDENTIFIER = edu.monash.Shroom;
				PRODUCT_NAME = "$(TARGET_NAME)";
				SWIFT_EMIT_LOC_STRINGS = YES;
				SWIFT_VERSION = 5.0;
				TARGETED_DEVICE_FAMILY = "1,2";
			};
			name = Debug;
		};
		C7433DAA29E17AF600B16B52 /* Release */ = {
			isa = XCBuildConfiguration;
			buildSettings = {
				ASSETCATALOG_COMPILER_APPICON_NAME = AppIcon;
				ASSETCATALOG_COMPILER_GLOBAL_ACCENT_COLOR_NAME = AccentColor;
				CODE_SIGN_STYLE = Automatic;
				CURRENT_PROJECT_VERSION = 1;
				GENERATE_INFOPLIST_FILE = YES;
				INFOPLIST_FILE = Shroom/Info.plist;
				INFOPLIST_KEY_UIApplicationSupportsIndirectInputEvents = YES;
				INFOPLIST_KEY_UILaunchStoryboardName = LaunchScreen;
				INFOPLIST_KEY_UIMainStoryboardFile = Main;
				INFOPLIST_KEY_UISupportedInterfaceOrientations_iPad = "UIInterfaceOrientationPortrait UIInterfaceOrientationPortraitUpsideDown UIInterfaceOrientationLandscapeLeft UIInterfaceOrientationLandscapeRight";
				INFOPLIST_KEY_UISupportedInterfaceOrientations_iPhone = "UIInterfaceOrientationPortrait UIInterfaceOrientationLandscapeLeft UIInterfaceOrientationLandscapeRight";
				LD_RUNPATH_SEARCH_PATHS = (
					"$(inherited)",
					"@executable_path/Frameworks",
				);
				MARKETING_VERSION = 1.0;
				PRODUCT_BUNDLE_IDENTIFIER = edu.monash.Shroom;
				PRODUCT_NAME = "$(TARGET_NAME)";
				SWIFT_EMIT_LOC_STRINGS = YES;
				SWIFT_VERSION = 5.0;
				TARGETED_DEVICE_FAMILY = "1,2";
			};
			name = Release;
		};
/* End XCBuildConfiguration section */

/* Begin XCConfigurationList section */
		C7433D8F29E17AF400B16B52 /* Build configuration list for PBXProject "Shroom" */ = {
			isa = XCConfigurationList;
			buildConfigurations = (
				C7433DA629E17AF600B16B52 /* Debug */,
				C7433DA729E17AF600B16B52 /* Release */,
			);
			defaultConfigurationIsVisible = 0;
			defaultConfigurationName = Release;
		};
		C7433DA829E17AF600B16B52 /* Build configuration list for PBXNativeTarget "Shroom" */ = {
			isa = XCConfigurationList;
			buildConfigurations = (
				C7433DA929E17AF600B16B52 /* Debug */,
				C7433DAA29E17AF600B16B52 /* Release */,
			);
			defaultConfigurationIsVisible = 0;
			defaultConfigurationName = Release;
		};
/* End XCConfigurationList section */

/* Begin XCRemoteSwiftPackageReference section */
		C708ADFB2A2379C700127CB2 /* XCRemoteSwiftPackageReference "siesta" */ = {
			isa = XCRemoteSwiftPackageReference;
			repositoryURL = "https://github.com/bustoutsolutions/siesta";
			requirement = {
				kind = upToNextMajorVersion;
				minimumVersion = 1.0.0;
			};
		};
		C735D4D729EFBE41009DF770 /* XCRemoteSwiftPackageReference "firebase-ios-sdk" */ = {
			isa = XCRemoteSwiftPackageReference;
			repositoryURL = "https://github.com/firebase/firebase-ios-sdk";
			requirement = {
				kind = upToNextMajorVersion;
				minimumVersion = 9.0.0;
			};
		};
/* End XCRemoteSwiftPackageReference section */

/* Begin XCSwiftPackageProductDependency section */
		C708ADFC2A2379C700127CB2 /* Siesta */ = {
			isa = XCSwiftPackageProductDependency;
			package = C708ADFB2A2379C700127CB2 /* XCRemoteSwiftPackageReference "siesta" */;
			productName = Siesta;
		};
		C708ADFE2A2379C700127CB2 /* SiestaUI */ = {
			isa = XCSwiftPackageProductDependency;
			package = C708ADFB2A2379C700127CB2 /* XCRemoteSwiftPackageReference "siesta" */;
			productName = SiestaUI;
		};
		C735D4D829EFBE41009DF770 /* FirebaseAuth */ = {
			isa = XCSwiftPackageProductDependency;
			package = C735D4D729EFBE41009DF770 /* XCRemoteSwiftPackageReference "firebase-ios-sdk" */;
			productName = FirebaseAuth;
		};
		C735D4DA29EFBE41009DF770 /* FirebaseFirestore */ = {
			isa = XCSwiftPackageProductDependency;
			package = C735D4D729EFBE41009DF770 /* XCRemoteSwiftPackageReference "firebase-ios-sdk" */;
			productName = FirebaseFirestore;
		};
		C735D4DC29EFBE41009DF770 /* FirebaseFirestoreSwift */ = {
			isa = XCSwiftPackageProductDependency;
			package = C735D4D729EFBE41009DF770 /* XCRemoteSwiftPackageReference "firebase-ios-sdk" */;
			productName = FirebaseFirestoreSwift;
		};
/* End XCSwiftPackageProductDependency section */

/* Begin XCVersionGroup section */
		C7CCFAD02A2B069000821E10 /* Shroom-DataModel.xcdatamodeld */ = {
			isa = XCVersionGroup;
			children = (
				C7CCFAD12A2B069000821E10 /* Shroom-DataModel.xcdatamodel */,
			);
			currentVersion = C7CCFAD12A2B069000821E10 /* Shroom-DataModel.xcdatamodel */;
			path = "Shroom-DataModel.xcdatamodeld";
			sourceTree = "<group>";
			versionGroupType = wrapper.xcdatamodel;
		};
/* End XCVersionGroup section */
	};
	rootObject = C7433D8C29E17AF400B16B52 /* Project object */;
}
